PODS:
  - ABFPlayerKit (0.0.1):
    - Masonry
    - SDWebImage (~> 3.7.3)
  - Masonry (1.1.0)
  - SDWebImage (3.7.6):
    - SDWebImage/Core (= 3.7.6)
  - SDWebImage/Core (3.7.6)

DEPENDENCIES:
  - ABFPlayerKit (from `../`)
  - Masonry
  - SDWebImage (~> 3.7.3)

SPEC REPOS:
  https://github.com/CocoaPods/Specs.git:
    - Masonry
    - SDWebImage

EXTERNAL SOURCES:
  ABFPlayerKit:
    :path: "../"

SPEC CHECKSUMS:
  ABFPlayerKit: 357fb5bad19107d9b710d6df553c00bd212b4123
  Masonry: 678fab65091a9290e40e2832a55e7ab731aad201
  SDWebImage: c325cf02c30337336b95beff20a13df489ec0ec9

PODFILE CHECKSUM: 1a31facc04fdc0f456ca3696fbc381ccbc794f3f

COCOAPODS: 1.5.0
